// !$*UTF8*$!
{
	archiveVersion = 1;
	classes = {
	};
	objectVersion = 56;
	objects = {

/* Begin PBXBuildFile section */
		BED1DF142BDA71B0007FAED1 /* AppDelegate.swift in Sources */ = {isa = PBXBuildFile; fileRef = BED1DF132BDA71B0007FAED1 /* AppDelegate.swift */; };
		BED1DF162BDA71B0007FAED1 /* SceneDelegate.swift in Sources */ = {isa = PBXBuildFile; fileRef = BED1DF152BDA71B0007FAED1 /* SceneDelegate.swift */; };
		BED1DF182BDA71B0007FAED1 /* ViewController.swift in Sources */ = {isa = PBXBuildFile; fileRef = BED1DF172BDA71B0007FAED1 /* ViewController.swift */; };
		BED1DF1B2BDA71B0007FAED1 /* Main.storyboard in Resources */ = {isa = PBXBuildFile; fileRef = BED1DF192BDA71B0007FAED1 /* Main.storyboard */; };
		BED1DF1D2BDA71B2007FAED1 /* Assets.xcassets in Resources */ = {isa = PBXBuildFile; fileRef = BED1DF1C2BDA71B2007FAED1 /* Assets.xcassets */; };
		BED1DF202BDA71B2007FAED1 /* LaunchScreen.storyboard in Resources */ = {isa = PBXBuildFile; fileRef = BED1DF1E2BDA71B2007FAED1 /* LaunchScreen.storyboard */; };
		BED1DF282BDA71ED007FAED1 /* DashBoard.storyboard in Resources */ = {isa = PBXBuildFile; fileRef = BED1DF272BDA71ED007FAED1 /* DashBoard.storyboard */; };
		BED1DF2A2BDA7208007FAED1 /* DashBoardViewController.swift in Sources */ = {isa = PBXBuildFile; fileRef = BED1DF292BDA7208007FAED1 /* DashBoardViewController.swift */; };
		BED1DF2C2BDA77FC007FAED1 /* NotificationViewController.swift in Sources */ = {isa = PBXBuildFile; fileRef = BED1DF2B2BDA77FC007FAED1 /* NotificationViewController.swift */; };
		BED1DF2E2BDA7816007FAED1 /* Notification.storyboard in Resources */ = {isa = PBXBuildFile; fileRef = BED1DF2D2BDA7816007FAED1 /* Notification.storyboard */; };
		BED1DF302BDA8DF9007FAED1 /* Fitcommands.swift in Sources */ = {isa = PBXBuildFile; fileRef = BED1DF2F2BDA8DF9007FAED1 /* Fitcommands.swift */; };
/* End PBXBuildFile section */

/* Begin PBXFileReference section */
		BED1DF102BDA71B0007FAED1 /* iOSUIKIT.app */ = {isa = PBXFileReference; explicitFileType = wrapper.application; includeInIndex = 0; path = iOSUIKIT.app; sourceTree = BUILT_PRODUCTS_DIR; };
		BED1DF132BDA71B0007FAED1 /* AppDelegate.swift */ = {isa = PBXFileReference; lastKnownFileType = sourcecode.swift; path = AppDelegate.swift; sourceTree = "<group>"; };
		BED1DF152BDA71B0007FAED1 /* SceneDelegate.swift */ = {isa = PBXFileReference; lastKnownFileType = sourcecode.swift; path = SceneDelegate.swift; sourceTree = "<group>"; };
		BED1DF172BDA71B0007FAED1 /* ViewController.swift */ = {isa = PBXFileReference; lastKnownFileType = sourcecode.swift; path = ViewController.swift; sourceTree = "<group>"; };
		BED1DF1A2BDA71B0007FAED1 /* Base */ = {isa = PBXFileReference; lastKnownFileType = file.storyboard; name = Base; path = Base.lproj/Main.storyboard; sourceTree = "<group>"; };
		BED1DF1C2BDA71B2007FAED1 /* Assets.xcassets */ = {isa = PBXFileReference; lastKnownFileType = folder.assetcatalog; path = Assets.xcassets; sourceTree = "<group>"; };
		BED1DF1F2BDA71B2007FAED1 /* Base */ = {isa = PBXFileReference; lastKnownFileType = file.storyboard; name = Base; path = Base.lproj/LaunchScreen.storyboard; sourceTree = "<group>"; };
		BED1DF212BDA71B2007FAED1 /* Info.plist */ = {isa = PBXFileReference; lastKnownFileType = text.plist.xml; path = Info.plist; sourceTree = "<group>"; };
		BED1DF272BDA71ED007FAED1 /* DashBoard.storyboard */ = {isa = PBXFileReference; lastKnownFileType = file.storyboard; path = DashBoard.storyboard; sourceTree = "<group>"; };
		BED1DF292BDA7208007FAED1 /* DashBoardViewController.swift */ = {isa = PBXFileReference; lastKnownFileType = sourcecode.swift; path = DashBoardViewController.swift; sourceTree = "<group>"; };
		BED1DF2B2BDA77FC007FAED1 /* NotificationViewController.swift */ = {isa = PBXFileReference; lastKnownFileType = sourcecode.swift; path = NotificationViewController.swift; sourceTree = "<group>"; };
		BED1DF2D2BDA7816007FAED1 /* Notification.storyboard */ = {isa = PBXFileReference; lastKnownFileType = file.storyboard; path = Notification.storyboard; sourceTree = "<group>"; };
		BED1DF2F2BDA8DF9007FAED1 /* Fitcommands.swift */ = {isa = PBXFileReference; lastKnownFileType = sourcecode.swift; path = Fitcommands.swift; sourceTree = "<group>"; };
/* End PBXFileReference section */

/* Begin PBXFrameworksBuildPhase section */
		BED1DF0D2BDA71B0007FAED1 /* Frameworks */ = {
			isa = PBXFrameworksBuildPhase;
			buildActionMask = 2147483647;
			files = (
			);
			runOnlyForDeploymentPostprocessing = 0;
		};
/* End PBXFrameworksBuildPhase section */

/* Begin PBXGroup section */
		BED1DF072BDA71B0007FAED1 = {
			isa = PBXGroup;
			children = (
				BED1DF122BDA71B0007FAED1 /* iOSUIKIT */,
				BED1DF112BDA71B0007FAED1 /* Products */,
			);
			sourceTree = "<group>";
		};
		BED1DF112BDA71B0007FAED1 /* Products */ = {
			isa = PBXGroup;
			children = (
				BED1DF102BDA71B0007FAED1 /* iOSUIKIT.app */,
			);
			name = Products;
			sourceTree = "<group>";
		};
		BED1DF122BDA71B0007FAED1 /* iOSUIKIT */ = {
			isa = PBXGroup;
			children = (
				BED1DF132BDA71B0007FAED1 /* AppDelegate.swift */,
				BED1DF152BDA71B0007FAED1 /* SceneDelegate.swift */,
				BED1DF172BDA71B0007FAED1 /* ViewController.swift */,
				BED1DF2B2BDA77FC007FAED1 /* NotificationViewController.swift */,
				BED1DF2D2BDA7816007FAED1 /* Notification.storyboard */,
				BED1DF192BDA71B0007FAED1 /* Main.storyboard */,
				BED1DF272BDA71ED007FAED1 /* DashBoard.storyboard */,
				BED1DF292BDA7208007FAED1 /* DashBoardViewController.swift */,
				BED1DF1C2BDA71B2007FAED1 /* Assets.xcassets */,
				BED1DF1E2BDA71B2007FAED1 /* LaunchScreen.storyboard */,
				BED1DF212BDA71B2007FAED1 /* Info.plist */,
				BED1DF2F2BDA8DF9007FAED1 /* Fitcommands.swift */,
			);
			path = iOSUIKIT;
			sourceTree = "<group>";
		};
/* End PBXGroup section */

/* Begin PBXNativeTarget section */
		BED1DF0F2BDA71B0007FAED1 /* iOSUIKIT */ = {
			isa = PBXNativeTarget;
			buildConfigurationList = BED1DF242BDA71B2007FAED1 /* Build configuration list for PBXNativeTarget "iOSUIKIT" */;
			buildPhases = (
				BED1DF0C2BDA71B0007FAED1 /* Sources */,
				BED1DF0D2BDA71B0007FAED1 /* Frameworks */,
				BED1DF0E2BDA71B0007FAED1 /* Resources */,
			);
			buildRules = (
			);
			dependencies = (
			);
			name = iOSUIKIT;
			productName = iOSUIKIT;
			productReference = BED1DF102BDA71B0007FAED1 /* iOSUIKIT.app */;
			productType = "com.apple.product-type.application";
		};
/* End PBXNativeTarget section */

/* Begin PBXProject section */
		BED1DF082BDA71B0007FAED1 /* Project object */ = {
			isa = PBXProject;
			attributes = {
				BuildIndependentTargetsInParallel = 1;
				LastSwiftUpdateCheck = 1510;
				LastUpgradeCheck = 1510;
				TargetAttributes = {
					BED1DF0F2BDA71B0007FAED1 = {
						CreatedOnToolsVersion = 15.1;
					};
				};
			};
			buildConfigurationList = BED1DF0B2BDA71B0007FAED1 /* Build configuration list for PBXProject "iOSUIKIT" */;
			compatibilityVersion = "Xcode 14.0";
			developmentRegion = en;
			hasScannedForEncodings = 0;
			knownRegions = (
				en,
				Base,
			);
			mainGroup = BED1DF072BDA71B0007FAED1;
			productRefGroup = BED1DF112BDA71B0007FAED1 /* Products */;
			projectDirPath = "";
			projectRoot = "";
			targets = (
				BED1DF0F2BDA71B0007FAED1 /* iOSUIKIT */,
			);
		};
/* End PBXProject section */

/* Begin PBXResourcesBuildPhase section */
		BED1DF0E2BDA71B0007FAED1 /* Resources */ = {
			isa = PBXResourcesBuildPhase;
			buildActionMask = 2147483647;
			files = (
				BED1DF202BDA71B2007FAED1 /* LaunchScreen.storyboard in Resources */,
				BED1DF1D2BDA71B2007FAED1 /* Assets.xcassets in Resources */,
				BED1DF1B2BDA71B0007FAED1 /* Main.storyboard in Resources */,
				BED1DF282BDA71ED007FAED1 /* DashBoard.storyboard in Resources */,
				BED1DF2E2BDA7816007FAED1 /* Notification.storyboard in Resources */,
			);
			runOnlyForDeploymentPostprocessing = 0;
		};
/* End PBXResourcesBuildPhase section */

/* Begin PBXSourcesBuildPhase section */
		BED1DF0C2BDA71B0007FAED1 /* Sources */ = {
			isa = PBXSourcesBuildPhase;
			buildActionMask = 2147483647;
			files = (
				BED1DF2C2BDA77FC007FAED1 /* NotificationViewController.swift in Sources */,
				BED1DF302BDA8DF9007FAED1 /* Fitcommands.swift in Sources */,
				BED1DF182BDA71B0007FAED1 /* ViewController.swift in Sources */,
				BED1DF142BDA71B0007FAED1 /* AppDelegate.swift in Sources */,
				BED1DF162BDA71B0007FAED1 /* SceneDelegate.swift in Sources */,
				BED1DF2A2BDA7208007FAED1 /* DashBoardViewController.swift in Sources */,
			);
			runOnlyForDeploymentPostprocessing = 0;
		};
/* End PBXSourcesBuildPhase section */

/* Begin PBXVariantGroup section */
		BED1DF192BDA71B0007FAED1 /* Main.storyboard */ = {
			isa = PBXVariantGroup;
			children = (
				BED1DF1A2BDA71B0007FAED1 /* Base */,
			);
			name = Main.storyboard;
			sourceTree = "<group>";
		};
		BED1DF1E2BDA71B2007FAED1 /* LaunchScreen.storyboard */ = {
			isa = PBXVariantGroup;
			children = (
				BED1DF1F2BDA71B2007FAED1 /* Base */,
			);
			name = LaunchScreen.storyboard;
			sourceTree = "<group>";
		};
/* End PBXVariantGroup section */

/* Begin XCBuildConfiguration section */
		BED1DF222BDA71B2007FAED1 /* Debug */ = {
			isa = XCBuildConfiguration;
			buildSettings = {
				ALWAYS_SEARCH_USER_PATHS = NO;
				ASSETCATALOG_COMPILER_GENERATE_SWIFT_ASSET_SYMBOL_EXTENSIONS = YES;
				CLANG_ANALYZER_NONNULL = YES;
				CLANG_ANALYZER_NUMBER_OBJECT_CONVERSION = YES_AGGRESSIVE;
				CLANG_CXX_LANGUAGE_STANDARD = "gnu++20";
				CLANG_ENABLE_MODULES = YES;
				CLANG_ENABLE_OBJC_ARC = YES;
				CLANG_ENABLE_OBJC_WEAK = YES;
				CLANG_WARN_BLOCK_CAPTURE_AUTORELEASING = YES;
				CLANG_WARN_BOOL_CONVERSION = YES;
				CLANG_WARN_COMMA = YES;
				CLANG_WARN_CONSTANT_CONVERSION = YES;
				CLANG_WARN_DEPRECATED_OBJC_IMPLEMENTATIONS = YES;
				CLANG_WARN_DIRECT_OBJC_ISA_USAGE = YES_ERROR;
				CLANG_WARN_DOCUMENTATION_COMMENTS = YES;
				CLANG_WARN_EMPTY_BODY = YES;
				CLANG_WARN_ENUM_CONVERSION = YES;
				CLANG_WARN_INFINITE_RECURSION = YES;
				CLANG_WARN_INT_CONVERSION = YES;
				CLANG_WARN_NON_LITERAL_NULL_CONVERSION = YES;
				CLANG_WARN_OBJC_IMPLICIT_RETAIN_SELF = YES;
				CLANG_WARN_OBJC_LITERAL_CONVERSION = YES;
				CLANG_WARN_OBJC_ROOT_CLASS = YES_ERROR;
				CLANG_WARN_QUOTED_INCLUDE_IN_FRAMEWORK_HEADER = YES;
				CLANG_WARN_RANGE_LOOP_ANALYSIS = YES;
				CLANG_WARN_STRICT_PROTOTYPES = YES;
				CLANG_WARN_SUSPICIOUS_MOVE = YES;
				CLANG_WARN_UNGUARDED_AVAILABILITY = YES_AGGRESSIVE;
				CLANG_WARN_UNREACHABLE_CODE = YES;
				CLANG_WARN__DUPLICATE_METHOD_MATCH = YES;
				COPY_PHASE_STRIP = NO;
				DEBUG_INFORMATION_FORMAT = dwarf;
				ENABLE_STRICT_OBJC_MSGSEND = YES;
				ENABLE_TESTABILITY = YES;
				ENABLE_USER_SCRIPT_SANDBOXING = YES;
				GCC_C_LANGUAGE_STANDARD = gnu17;
				GCC_DYNAMIC_NO_PIC = NO;
				GCC_NO_COMMON_BLOCKS = YES;
				GCC_OPTIMIZATION_LEVEL = 0;
				GCC_PREPROCESSOR_DEFINITIONS = (
					"DEBUG=1",
					"$(inherited)",
				);
				GCC_WARN_64_TO_32_BIT_CONVERSION = YES;
				GCC_WARN_ABOUT_RETURN_TYPE = YES_ERROR;
				GCC_WARN_UNDECLARED_SELECTOR = YES;
				GCC_WARN_UNINITIALIZED_AUTOS = YES_AGGRESSIVE;
				GCC_WARN_UNUSED_FUNCTION = YES;
				GCC_WARN_UNUSED_VARIABLE = YES;
				IPHONEOS_DEPLOYMENT_TARGET = 17.2;
				LOCALIZATION_PREFERS_STRING_CATALOGS = YES;
				MTL_ENABLE_DEBUG_INFO = INCLUDE_SOURCE;
				MTL_FAST_MATH = YES;
				ONLY_ACTIVE_ARCH = YES;
				SDKROOT = iphoneos;
				SWIFT_ACTIVE_COMPILATION_CONDITIONS = "DEBUG $(inherited)";
				SWIFT_OPTIMIZATION_LEVEL = "-Onone";
			};
			name = Debug;
		};
		BED1DF232BDA71B2007FAED1 /* Release */ = {
			isa = XCBuildConfiguration;
			buildSettings = {
				ALWAYS_SEARCH_USER_PATHS = NO;
				ASSETCATALOG_COMPILER_GENERATE_SWIFT_ASSET_SYMBOL_EXTENSIONS = YES;
				CLANG_ANALYZER_NONNULL = YES;
				CLANG_ANALYZER_NUMBER_OBJECT_CONVERSION = YES_AGGRESSIVE;
				CLANG_CXX_LANGUAGE_STANDARD = "gnu++20";
				CLANG_ENABLE_MODULES = YES;
				CLANG_ENABLE_OBJC_ARC = YES;
				CLANG_ENABLE_OBJC_WEAK = YES;
				CLANG_WARN_BLOCK_CAPTURE_AUTORELEASING = YES;
				CLANG_WARN_BOOL_CONVERSION = YES;
				CLANG_WARN_COMMA = YES;
				CLANG_WARN_CONSTANT_CONVERSION = YES;
				CLANG_WARN_DEPRECATED_OBJC_IMPLEMENTATIONS = YES;
				CLANG_WARN_DIRECT_OBJC_ISA_USAGE = YES_ERROR;
				CLANG_WARN_DOCUMENTATION_COMMENTS = YES;
				CLANG_WARN_EMPTY_BODY = YES;
				CLANG_WARN_ENUM_CONVERSION = YES;
				CLANG_WARN_INFINITE_RECURSION = YES;
				CLANG_WARN_INT_CONVERSION = YES;
				CLANG_WARN_NON_LITERAL_NULL_CONVERSION = YES;
				CLANG_WARN_OBJC_IMPLICIT_RETAIN_SELF = YES;
				CLANG_WARN_OBJC_LITERAL_CONVERSION = YES;
				CLANG_WARN_OBJC_ROOT_CLASS = YES_ERROR;
				CLANG_WARN_QUOTED_INCLUDE_IN_FRAMEWORK_HEADER = YES;
				CLANG_WARN_RANGE_LOOP_ANALYSIS = YES;
				CLANG_WARN_STRICT_PROTOTYPES = YES;
				CLANG_WARN_SUSPICIOUS_MOVE = YES;
				CLANG_WARN_UNGUARDED_AVAILABILITY = YES_AGGRESSIVE;
				CLANG_WARN_UNREACHABLE_CODE = YES;
				CLANG_WARN__DUPLICATE_METHOD_MATCH = YES;
				COPY_PHASE_STRIP = NO;
				DEBUG_INFORMATION_FORMAT = "dwarf-with-dsym";
				ENABLE_NS_ASSERTIONS = NO;
				ENABLE_STRICT_OBJC_MSGSEND = YES;
				ENABLE_USER_SCRIPT_SANDBOXING = YES;
				GCC_C_LANGUAGE_STANDARD = gnu17;
				GCC_NO_COMMON_BLOCKS = YES;
				GCC_WARN_64_TO_32_BIT_CONVERSION = YES;
				GCC_WARN_ABOUT_RETURN_TYPE = YES_ERROR;
				GCC_WARN_UNDECLARED_SELECTOR = YES;
				GCC_WARN_UNINITIALIZED_AUTOS = YES_AGGRESSIVE;
				GCC_WARN_UNUSED_FUNCTION = YES;
				GCC_WARN_UNUSED_VARIABLE = YES;
				IPHONEOS_DEPLOYMENT_TARGET = 17.2;
				LOCALIZATION_PREFERS_STRING_CATALOGS = YES;
				MTL_ENABLE_DEBUG_INFO = NO;
				MTL_FAST_MATH = YES;
				SDKROOT = iphoneos;
				SWIFT_COMPILATION_MODE = wholemodule;
				VALIDATE_PRODUCT = YES;
			};
			name = Release;
		};
		BED1DF252BDA71B2007FAED1 /* Debug */ = {
			isa = XCBuildConfiguration;
			buildSettings = {
				ASSETCATALOG_COMPILER_APPICON_NAME = AppIcon;
				ASSETCATALOG_COMPILER_GLOBAL_ACCENT_COLOR_NAME = AccentColor;
				CODE_SIGN_STYLE = Automatic;
				CURRENT_PROJECT_VERSION = 1;
				DEVELOPMENT_TEAM = 98X9DUC89A;
				GENERATE_INFOPLIST_FILE = YES;
				INFOPLIST_FILE = iOSUIKIT/Info.plist;
				INFOPLIST_KEY_UIApplicationSupportsIndirectInputEvents = YES;
				INFOPLIST_KEY_UILaunchStoryboardName = LaunchScreen;
				INFOPLIST_KEY_UIMainStoryboardFile = Main;
				INFOPLIST_KEY_UISupportedInterfaceOrientations_iPad = "UIInterfaceOrientationPortrait UIInterfaceOrientationPortraitUpsideDown UIInterfaceOrientationLandscapeLeft UIInterfaceOrientationLandscapeRight";
				INFOPLIST_KEY_UISupportedInterfaceOrientations_iPhone = "UIInterfaceOrientationPortrait UIInterfaceOrientationLandscapeLeft UIInterfaceOrientationLandscapeRight";
				LD_RUNPATH_SEARCH_PATHS = (
					"$(inherited)",
					"@executable_path/Frameworks",
				);
				MARKETING_VERSION = 1.0;
				PRODUCT_BUNDLE_IDENTIFIER = com.gv.learning.iOSUIKIT;
				PRODUCT_NAME = "$(TARGET_NAME)";
				SWIFT_EMIT_LOC_STRINGS = YES;
				SWIFT_VERSION = 5.0;
				TARGETED_DEVICE_FAMILY = "1,2";
			};
			name = Debug;
		};
		BED1DF262BDA71B2007FAED1 /* Release */ = {
			isa = XCBuildConfiguration;
			buildSettings = {
				ASSETCATALOG_COMPILER_APPICON_NAME = AppIcon;
				ASSETCATALOG_COMPILER_GLOBAL_ACCENT_COLOR_NAME = AccentColor;
				CODE_SIGN_STYLE = Automatic;
				CURRENT_PROJECT_VERSION = 1;
				DEVELOPMENT_TEAM = 98X9DUC89A;
				GENERATE_INFOPLIST_FILE = YES;
				INFOPLIST_FILE = iOSUIKIT/Info.plist;
				INFOPLIST_KEY_UIApplicationSupportsIndirectInputEvents = YES;
				INFOPLIST_KEY_UILaunchStoryboardName = LaunchScreen;
				INFOPLIST_KEY_UIMainStoryboardFile = Main;
				INFOPLIST_KEY_UISupportedInterfaceOrientations_iPad = "UIInterfaceOrientationPortrait UIInterfaceOrientationPortraitUpsideDown UIInterfaceOrientationLandscapeLeft UIInterfaceOrientationLandscapeRight";
				INFOPLIST_KEY_UISupportedInterfaceOrientations_iPhone = "UIInterfaceOrientationPortrait UIInterfaceOrientationLandscapeLeft UIInterfaceOrientationLandscapeRight";
				LD_RUNPATH_SEARCH_PATHS = (
					"$(inherited)",
					"@executable_path/Frameworks",
				);
				MARKETING_VERSION = 1.0;
				PRODUCT_BUNDLE_IDENTIFIER = com.gv.learning.iOSUIKIT;
				PRODUCT_NAME = "$(TARGET_NAME)";
				SWIFT_EMIT_LOC_STRINGS = YES;
				SWIFT_VERSION = 5.0;
				TARGETED_DEVICE_FAMILY = "1,2";
			};
			name = Release;
		};
/* End XCBuildConfiguration section */

/* Begin XCConfigurationList section */
		BED1DF0B2BDA71B0007FAED1 /* Build configuration list for PBXProject "iOSUIKIT" */ = {
			isa = XCConfigurationList;
			buildConfigurations = (
				BED1DF222BDA71B2007FAED1 /* Debug */,
				BED1DF232BDA71B2007FAED1 /* Release */,
			);
			defaultConfigurationIsVisible = 0;
			defaultConfigurationName = Release;
		};
		BED1DF242BDA71B2007FAED1 /* Build configuration list for PBXNativeTarget "iOSUIKIT" */ = {
			isa = XCConfigurationList;
			buildConfigurations = (
				BED1DF252BDA71B2007FAED1 /* Debug */,
				BED1DF262BDA71B2007FAED1 /* Release */,
			);
			defaultConfigurationIsVisible = 0;
			defaultConfigurationName = Release;
		};
/* End XCConfigurationList section */
	};
	rootObject = BED1DF082BDA71B0007FAED1 /* Project object */;
}
